
Microsoft Visual Studio Solution File, Format Version 12.00
# Visual Studio Version 17
VisualStudioVersion = 17.13.35818.85 d17.13
MinimumVisualStudioVersion = 10.0.40219.1
Project("{FAE04EC0-301F-11D3-BF4B-00C04F79EFBC}") = "BabyBlissBackendAPI", "BabyBlissBackendAPI\BabyBlissBackendAPI.csproj", "{B0B14CB0-D158-4F10-AF40-E3C38289DE46}"
EndProject
Global
	GlobalSection(SolutionConfigurationPlatforms) = preSolution
		Debug|Any CPU = Debug|Any CPU
		Release|Any CPU = Release|Any CPU
	EndGlobalSection
	GlobalSection(ProjectConfigurationPlatforms) = postSolution
		{B0B14CB0-D158-4F10-AF40-E3C38289DE46}.Debug|Any CPU.ActiveCfg = Debug|Any CPU
		{B0B14CB0-D158-4F10-AF40-E3C38289DE46}.Debug|Any CPU.Build.0 = Debug|Any CPU
		{B0B14CB0-D158-4F10-AF40-E3C38289DE46}.Release|Any CPU.ActiveCfg = Release|Any CPU
		{B0B14CB0-D158-4F10-AF40-E3C38289DE46}.Release|Any CPU.Build.0 = Release|Any CPU
	EndGlobalSection
	GlobalSection(SolutionProperties) = preSolution
		HideSolutionNode = FALSE
	EndGlobalSection
	GlobalSection(ExtensibilityGlobals) = postSolution
		SolutionGuid = {5A65E3FA-91E5-4EB8-AE00-ECA59E44EA5A}
	EndGlobalSection
EndGlobal
